// !$*UTF8*$!
{
	archiveVersion = 1;
	classes = {
	};
	objectVersion = 52;
	objects = {

/* Begin PBXBuildFile section */
		2305D1E6261E595E003632D9 /* Networking in Frameworks */ = {isa = PBXBuildFile; productRef = 2305D1E5261E595E003632D9 /* Networking */; };
		23A575BE25F8B9DB00617551 /* Assets.xcassets in Resources */ = {isa = PBXBuildFile; fileRef = 23A575BD25F8B9DB00617551 /* Assets.xcassets */; };
		23A575C125F8B9DB00617551 /* LaunchScreen.storyboard in Resources */ = {isa = PBXBuildFile; fileRef = 23A575BF25F8B9DB00617551 /* LaunchScreen.storyboard */; };
		23EA9CF4292FB70A00B8E418 /* SampleUserRouter.swift in Sources */ = {isa = PBXBuildFile; fileRef = 23EA9CE9292FB70A00B8E418 /* SampleUserRouter.swift */; };
		23EA9CF5292FB70A00B8E418 /* SampleAPIConstants.swift in Sources */ = {isa = PBXBuildFile; fileRef = 23EA9CEA292FB70A00B8E418 /* SampleAPIConstants.swift */; };
		23EA9CF6292FB70A00B8E418 /* SampleAPIError.swift in Sources */ = {isa = PBXBuildFile; fileRef = 23EA9CEB292FB70A00B8E418 /* SampleAPIError.swift */; };
		23EA9CF7292FB70A00B8E418 /* SampleUserAuthResponse.swift in Sources */ = {isa = PBXBuildFile; fileRef = 23EA9CED292FB70A00B8E418 /* SampleUserAuthResponse.swift */; };
		23EA9CF8292FB70A00B8E418 /* SampleUsersResponse.swift in Sources */ = {isa = PBXBuildFile; fileRef = 23EA9CEE292FB70A00B8E418 /* SampleUsersResponse.swift */; };
		23EA9CF9292FB70A00B8E418 /* SampleUserResponse.swift in Sources */ = {isa = PBXBuildFile; fileRef = 23EA9CEF292FB70A00B8E418 /* SampleUserResponse.swift */; };
		23EA9CFA292FB70A00B8E418 /* SampleUserAuthRequest.swift in Sources */ = {isa = PBXBuildFile; fileRef = 23EA9CF1292FB70A00B8E418 /* SampleUserAuthRequest.swift */; };
		23EA9CFB292FB70A00B8E418 /* SampleUserRequest.swift in Sources */ = {isa = PBXBuildFile; fileRef = 23EA9CF2292FB70A00B8E418 /* SampleUserRequest.swift */; };
		58C3E75E29B78EE6004FD1CD /* DownloadsView.swift in Sources */ = {isa = PBXBuildFile; fileRef = 58C3E75C29B78ED3004FD1CD /* DownloadsView.swift */; };
		58C3E75F29B78EE8004FD1CD /* DownloadsViewModel.swift in Sources */ = {isa = PBXBuildFile; fileRef = 58C3E75D29B78ED3004FD1CD /* DownloadsViewModel.swift */; };
		58C3E76129B79259004FD1CD /* SampleDownloadRouter.swift in Sources */ = {isa = PBXBuildFile; fileRef = 58C3E76029B79259004FD1CD /* SampleDownloadRouter.swift */; };
		58C3E76529B7D709004FD1CD /* DownloadProgressViewModel.swift in Sources */ = {isa = PBXBuildFile; fileRef = 58C3E76429B7D709004FD1CD /* DownloadProgressViewModel.swift */; };
		58E4E0ED2982D884000ACBC0 /* SampleAuthorizationStorageManager.swift in Sources */ = {isa = PBXBuildFile; fileRef = 58E4E0EC2982D884000ACBC0 /* SampleAuthorizationStorageManager.swift */; };
		58E4E0EF29843B42000ACBC0 /* NetworkingSampleApp.swift in Sources */ = {isa = PBXBuildFile; fileRef = 58E4E0EE29843B42000ACBC0 /* NetworkingSampleApp.swift */; };
		58E4E0F129850E86000ACBC0 /* ContentView.swift in Sources */ = {isa = PBXBuildFile; fileRef = 58E4E0F029850E86000ACBC0 /* ContentView.swift */; };
		58FB80C7298521FF0031FC59 /* AuthorizationView.swift in Sources */ = {isa = PBXBuildFile; fileRef = 58FB80C6298521FF0031FC59 /* AuthorizationView.swift */; };
		58FB80CE29895ABF0031FC59 /* TestData.xcassets in Resources */ = {isa = PBXBuildFile; fileRef = 58FB80CD29895ABF0031FC59 /* TestData.xcassets */; };
		B52674BA2A370C15006D3B9C /* SampleUploadRouter.swift in Sources */ = {isa = PBXBuildFile; fileRef = B52674B92A370C15006D3B9C /* SampleUploadRouter.swift */; };
		B52674BD2A370D1D006D3B9C /* UploadService.swift in Sources */ = {isa = PBXBuildFile; fileRef = B52674BC2A370D1D006D3B9C /* UploadService.swift */; };
		B52674BF2A370D33006D3B9C /* UploadItem.swift in Sources */ = {isa = PBXBuildFile; fileRef = B52674BE2A370D33006D3B9C /* UploadItem.swift */; };
		B52674C12A370DFF006D3B9C /* UploadsViewModel.swift in Sources */ = {isa = PBXBuildFile; fileRef = B52674C02A370DFF006D3B9C /* UploadsViewModel.swift */; };
		B52674C32A370E35006D3B9C /* UploadItemViewModel.swift in Sources */ = {isa = PBXBuildFile; fileRef = B52674C22A370E35006D3B9C /* UploadItemViewModel.swift */; };
		B52674C52A37102D006D3B9C /* UploadsView.swift in Sources */ = {isa = PBXBuildFile; fileRef = B52674C42A37102D006D3B9C /* UploadsView.swift */; };
		B52674C72A371046006D3B9C /* UploadItemView.swift in Sources */ = {isa = PBXBuildFile; fileRef = B52674C62A371046006D3B9C /* UploadItemView.swift */; };
		B58162F72A4F23420074A115 /* ByteCountFormatter+Convenience.swift in Sources */ = {isa = PBXBuildFile; fileRef = B58162F62A4F23420074A115 /* ByteCountFormatter+Convenience.swift */; };
		B5A2CE6C2A3FF42400467EB3 /* FormUploadsViewModel.swift in Sources */ = {isa = PBXBuildFile; fileRef = B5A2CE6B2A3FF42400467EB3 /* FormUploadsViewModel.swift */; };
		DD410D6F293F2E6E006D8E31 /* AuthorizationViewModel.swift in Sources */ = {isa = PBXBuildFile; fileRef = DD410D6E293F2E6E006D8E31 /* AuthorizationViewModel.swift */; };
		DD6E48732A0E24D30025AD05 /* DownloadProgressView.swift in Sources */ = {isa = PBXBuildFile; fileRef = DD6E48722A0E24D30025AD05 /* DownloadProgressView.swift */; };
		DD6E48762A0E2CD30025AD05 /* DownloadAPIManager+SharedInstance.swift in Sources */ = {isa = PBXBuildFile; fileRef = DD6E48752A0E2CD30025AD05 /* DownloadAPIManager+SharedInstance.swift */; };
		DD887780293E33850065ED03 /* SampleErrorProcessor.swift in Sources */ = {isa = PBXBuildFile; fileRef = DD88777F293E33850065ED03 /* SampleErrorProcessor.swift */; };
		DDD3AD1F2950E794006CB777 /* SampleAuthRouter.swift in Sources */ = {isa = PBXBuildFile; fileRef = DDD3AD1E2950E794006CB777 /* SampleAuthRouter.swift */; };
		DDD3AD212951F527006CB777 /* SampleAuthorizationManager.swift in Sources */ = {isa = PBXBuildFile; fileRef = DDD3AD202951F527006CB777 /* SampleAuthorizationManager.swift */; };
		DDE8884529476AC300DD3BFF /* SampleRefreshTokenRequest.swift in Sources */ = {isa = PBXBuildFile; fileRef = DDE8884429476AC300DD3BFF /* SampleRefreshTokenRequest.swift */; };
/* End PBXBuildFile section */

/* Begin PBXFileReference section */
		23A575B125F8B9DA00617551 /* NetworkingSampleApp.app */ = {isa = PBXFileReference; explicitFileType = wrapper.application; includeInIndex = 0; path = NetworkingSampleApp.app; sourceTree = BUILT_PRODUCTS_DIR; };
		23A575BD25F8B9DB00617551 /* Assets.xcassets */ = {isa = PBXFileReference; lastKnownFileType = folder.assetcatalog; path = Assets.xcassets; sourceTree = "<group>"; };
		23A575C025F8B9DB00617551 /* Base */ = {isa = PBXFileReference; lastKnownFileType = file.storyboard; name = Base; path = Base.lproj/LaunchScreen.storyboard; sourceTree = "<group>"; };
		23A575C225F8B9DB00617551 /* Info.plist */ = {isa = PBXFileReference; lastKnownFileType = text.plist.xml; path = Info.plist; sourceTree = "<group>"; };
		23C16B79276B5AFD00C0B4F1 /* ios-networking */ = {isa = PBXFileReference; lastKnownFileType = wrapper; name = "ios-networking"; path = ..; sourceTree = "<group>"; };
		23D8FA2D261DA21200DE1800 /* Info.plist */ = {isa = PBXFileReference; lastKnownFileType = text.plist.xml; path = Info.plist; sourceTree = "<group>"; };
		23EA9CE9292FB70A00B8E418 /* SampleUserRouter.swift */ = {isa = PBXFileReference; fileEncoding = 4; lastKnownFileType = sourcecode.swift; path = SampleUserRouter.swift; sourceTree = "<group>"; };
		23EA9CEA292FB70A00B8E418 /* SampleAPIConstants.swift */ = {isa = PBXFileReference; fileEncoding = 4; lastKnownFileType = sourcecode.swift; path = SampleAPIConstants.swift; sourceTree = "<group>"; };
		23EA9CEB292FB70A00B8E418 /* SampleAPIError.swift */ = {isa = PBXFileReference; fileEncoding = 4; lastKnownFileType = sourcecode.swift; path = SampleAPIError.swift; sourceTree = "<group>"; };
		23EA9CED292FB70A00B8E418 /* SampleUserAuthResponse.swift */ = {isa = PBXFileReference; fileEncoding = 4; lastKnownFileType = sourcecode.swift; path = SampleUserAuthResponse.swift; sourceTree = "<group>"; };
		23EA9CEE292FB70A00B8E418 /* SampleUsersResponse.swift */ = {isa = PBXFileReference; fileEncoding = 4; lastKnownFileType = sourcecode.swift; path = SampleUsersResponse.swift; sourceTree = "<group>"; };
		23EA9CEF292FB70A00B8E418 /* SampleUserResponse.swift */ = {isa = PBXFileReference; fileEncoding = 4; lastKnownFileType = sourcecode.swift; path = SampleUserResponse.swift; sourceTree = "<group>"; };
		23EA9CF1292FB70A00B8E418 /* SampleUserAuthRequest.swift */ = {isa = PBXFileReference; fileEncoding = 4; lastKnownFileType = sourcecode.swift; path = SampleUserAuthRequest.swift; sourceTree = "<group>"; };
		23EA9CF2292FB70A00B8E418 /* SampleUserRequest.swift */ = {isa = PBXFileReference; fileEncoding = 4; lastKnownFileType = sourcecode.swift; path = SampleUserRequest.swift; sourceTree = "<group>"; };
		58C3E75C29B78ED3004FD1CD /* DownloadsView.swift */ = {isa = PBXFileReference; lastKnownFileType = sourcecode.swift; path = DownloadsView.swift; sourceTree = "<group>"; };
		58C3E75D29B78ED3004FD1CD /* DownloadsViewModel.swift */ = {isa = PBXFileReference; lastKnownFileType = sourcecode.swift; path = DownloadsViewModel.swift; sourceTree = "<group>"; };
		58C3E76029B79259004FD1CD /* SampleDownloadRouter.swift */ = {isa = PBXFileReference; lastKnownFileType = sourcecode.swift; path = SampleDownloadRouter.swift; sourceTree = "<group>"; };
		58C3E76429B7D709004FD1CD /* DownloadProgressViewModel.swift */ = {isa = PBXFileReference; lastKnownFileType = sourcecode.swift; path = DownloadProgressViewModel.swift; sourceTree = "<group>"; };
		58E4E0EC2982D884000ACBC0 /* SampleAuthorizationStorageManager.swift */ = {isa = PBXFileReference; lastKnownFileType = sourcecode.swift; path = SampleAuthorizationStorageManager.swift; sourceTree = "<group>"; };
		58E4E0EE29843B42000ACBC0 /* NetworkingSampleApp.swift */ = {isa = PBXFileReference; lastKnownFileType = sourcecode.swift; path = NetworkingSampleApp.swift; sourceTree = "<group>"; };
		58E4E0F029850E86000ACBC0 /* ContentView.swift */ = {isa = PBXFileReference; lastKnownFileType = sourcecode.swift; path = ContentView.swift; sourceTree = "<group>"; };
		58FB80C6298521FF0031FC59 /* AuthorizationView.swift */ = {isa = PBXFileReference; lastKnownFileType = sourcecode.swift; path = AuthorizationView.swift; sourceTree = "<group>"; };
		58FB80CD29895ABF0031FC59 /* TestData.xcassets */ = {isa = PBXFileReference; lastKnownFileType = folder.assetcatalog; path = TestData.xcassets; sourceTree = "<group>"; };
		B52674B92A370C15006D3B9C /* SampleUploadRouter.swift */ = {isa = PBXFileReference; lastKnownFileType = sourcecode.swift; path = SampleUploadRouter.swift; sourceTree = "<group>"; };
		B52674BC2A370D1D006D3B9C /* UploadService.swift */ = {isa = PBXFileReference; lastKnownFileType = sourcecode.swift; path = UploadService.swift; sourceTree = "<group>"; };
		B52674BE2A370D33006D3B9C /* UploadItem.swift */ = {isa = PBXFileReference; lastKnownFileType = sourcecode.swift; path = UploadItem.swift; sourceTree = "<group>"; };
		B52674C02A370DFF006D3B9C /* UploadsViewModel.swift */ = {isa = PBXFileReference; lastKnownFileType = sourcecode.swift; path = UploadsViewModel.swift; sourceTree = "<group>"; };
		B52674C22A370E35006D3B9C /* UploadItemViewModel.swift */ = {isa = PBXFileReference; lastKnownFileType = sourcecode.swift; path = UploadItemViewModel.swift; sourceTree = "<group>"; };
		B52674C42A37102D006D3B9C /* UploadsView.swift */ = {isa = PBXFileReference; lastKnownFileType = sourcecode.swift; path = UploadsView.swift; sourceTree = "<group>"; };
		B52674C62A371046006D3B9C /* UploadItemView.swift */ = {isa = PBXFileReference; lastKnownFileType = sourcecode.swift; path = UploadItemView.swift; sourceTree = "<group>"; };
		B58162F62A4F23420074A115 /* ByteCountFormatter+Convenience.swift */ = {isa = PBXFileReference; lastKnownFileType = sourcecode.swift; path = "ByteCountFormatter+Convenience.swift"; sourceTree = "<group>"; };
		B5A2CE6B2A3FF42400467EB3 /* FormUploadsViewModel.swift */ = {isa = PBXFileReference; lastKnownFileType = sourcecode.swift; path = FormUploadsViewModel.swift; sourceTree = "<group>"; };
		DD410D6E293F2E6E006D8E31 /* AuthorizationViewModel.swift */ = {isa = PBXFileReference; lastKnownFileType = sourcecode.swift; path = AuthorizationViewModel.swift; sourceTree = "<group>"; };
		DD6E48722A0E24D30025AD05 /* DownloadProgressView.swift */ = {isa = PBXFileReference; fileEncoding = 4; lastKnownFileType = sourcecode.swift; path = DownloadProgressView.swift; sourceTree = "<group>"; };
		DD6E48752A0E2CD30025AD05 /* DownloadAPIManager+SharedInstance.swift */ = {isa = PBXFileReference; lastKnownFileType = sourcecode.swift; path = "DownloadAPIManager+SharedInstance.swift"; sourceTree = "<group>"; };
		DD88777F293E33850065ED03 /* SampleErrorProcessor.swift */ = {isa = PBXFileReference; lastKnownFileType = sourcecode.swift; path = SampleErrorProcessor.swift; sourceTree = "<group>"; };
		DDD3AD1E2950E794006CB777 /* SampleAuthRouter.swift */ = {isa = PBXFileReference; lastKnownFileType = sourcecode.swift; path = SampleAuthRouter.swift; sourceTree = "<group>"; };
		DDD3AD202951F527006CB777 /* SampleAuthorizationManager.swift */ = {isa = PBXFileReference; lastKnownFileType = sourcecode.swift; path = SampleAuthorizationManager.swift; sourceTree = "<group>"; };
		DDE8884429476AC300DD3BFF /* SampleRefreshTokenRequest.swift */ = {isa = PBXFileReference; lastKnownFileType = sourcecode.swift; path = SampleRefreshTokenRequest.swift; sourceTree = "<group>"; };
/* End PBXFileReference section */

/* Begin PBXFrameworksBuildPhase section */
		23A575AE25F8B9DA00617551 /* Frameworks */ = {
			isa = PBXFrameworksBuildPhase;
			buildActionMask = 2147483647;
			files = (
				2305D1E6261E595E003632D9 /* Networking in Frameworks */,
			);
			runOnlyForDeploymentPostprocessing = 0;
		};
/* End PBXFrameworksBuildPhase section */

/* Begin PBXGroup section */
		23A575A825F8B9DA00617551 = {
			isa = PBXGroup;
			children = (
				23C16B78276B5AFD00C0B4F1 /* Packages */,
				23A575B325F8B9DA00617551 /* NetworkingSampleApp */,
				23D8FA2A261DA21200DE1800 /* NetworkingSampleAppTests */,
				23A575B225F8B9DA00617551 /* Products */,
				23A575E725F8BA3600617551 /* Frameworks */,
			);
			sourceTree = "<group>";
		};
		23A575B225F8B9DA00617551 /* Products */ = {
			isa = PBXGroup;
			children = (
				23A575B125F8B9DA00617551 /* NetworkingSampleApp.app */,
			);
			name = Products;
			sourceTree = "<group>";
		};
		23A575B325F8B9DA00617551 /* NetworkingSampleApp */ = {
			isa = PBXGroup;
			children = (
				DD6E48742A0E2CC70025AD05 /* Extensions */,
				58FB80CC29895A8D0031FC59 /* Resources */,
				23EA9CE7292FB70A00B8E418 /* API */,
				23A575ED25F8BF0E00617551 /* Scenes */,
				58E4E0EE29843B42000ACBC0 /* NetworkingSampleApp.swift */,
				58E4E0F029850E86000ACBC0 /* ContentView.swift */,
				23A575BD25F8B9DB00617551 /* Assets.xcassets */,
				23A575BF25F8B9DB00617551 /* LaunchScreen.storyboard */,
				23A575C225F8B9DB00617551 /* Info.plist */,
			);
			path = NetworkingSampleApp;
			sourceTree = "<group>";
		};
		23A575E725F8BA3600617551 /* Frameworks */ = {
			isa = PBXGroup;
			children = (
			);
			name = Frameworks;
			sourceTree = "<group>";
		};
		23A575ED25F8BF0E00617551 /* Scenes */ = {
			isa = PBXGroup;
			children = (
				58FB80C5298521DA0031FC59 /* Authorization */,
				58C3E75B29B78ED3004FD1CD /* Download */,
				B52674BB2A370D0D006D3B9C /* Upload */,
			);
			path = Scenes;
			sourceTree = "<group>";
		};
		23C16B78276B5AFD00C0B4F1 /* Packages */ = {
			isa = PBXGroup;
			children = (
				23C16B79276B5AFD00C0B4F1 /* ios-networking */,
			);
			name = Packages;
			sourceTree = "<group>";
		};
		23D8FA2A261DA21200DE1800 /* NetworkingSampleAppTests */ = {
			isa = PBXGroup;
			children = (
				23D8FA2D261DA21200DE1800 /* Info.plist */,
			);
			path = NetworkingSampleAppTests;
			sourceTree = "<group>";
		};
		23EA9CE7292FB70A00B8E418 /* API */ = {
			isa = PBXGroup;
			children = (
				23EA9CEA292FB70A00B8E418 /* SampleAPIConstants.swift */,
				23EA9CEB292FB70A00B8E418 /* SampleAPIError.swift */,
				DDD3AD202951F527006CB777 /* SampleAuthorizationManager.swift */,
				58E4E0EC2982D884000ACBC0 /* SampleAuthorizationStorageManager.swift */,
				DD88777F293E33850065ED03 /* SampleErrorProcessor.swift */,
				23EA9CEC292FB70A00B8E418 /* Responses */,
				23EA9CF0292FB70A00B8E418 /* Requests */,
				23EA9CE8292FB70A00B8E418 /* Routers */,
			);
			path = API;
			sourceTree = "<group>";
		};
		23EA9CE8292FB70A00B8E418 /* Routers */ = {
			isa = PBXGroup;
			children = (
				DDD3AD1E2950E794006CB777 /* SampleAuthRouter.swift */,
				58C3E76029B79259004FD1CD /* SampleDownloadRouter.swift */,
				B52674B92A370C15006D3B9C /* SampleUploadRouter.swift */,
				23EA9CE9292FB70A00B8E418 /* SampleUserRouter.swift */,
			);
			path = Routers;
			sourceTree = "<group>";
		};
		23EA9CEC292FB70A00B8E418 /* Responses */ = {
			isa = PBXGroup;
			children = (
				23EA9CED292FB70A00B8E418 /* SampleUserAuthResponse.swift */,
				23EA9CEE292FB70A00B8E418 /* SampleUsersResponse.swift */,
				23EA9CEF292FB70A00B8E418 /* SampleUserResponse.swift */,
			);
			path = Responses;
			sourceTree = "<group>";
		};
		23EA9CF0292FB70A00B8E418 /* Requests */ = {
			isa = PBXGroup;
			children = (
				23EA9CF1292FB70A00B8E418 /* SampleUserAuthRequest.swift */,
				23EA9CF2292FB70A00B8E418 /* SampleUserRequest.swift */,
				DDE8884429476AC300DD3BFF /* SampleRefreshTokenRequest.swift */,
			);
			path = Requests;
			sourceTree = "<group>";
		};
		58C3E75B29B78ED3004FD1CD /* Download */ = {
			isa = PBXGroup;
			children = (
				DD6E48722A0E24D30025AD05 /* DownloadProgressView.swift */,
				58C3E75C29B78ED3004FD1CD /* DownloadsView.swift */,
				58C3E75D29B78ED3004FD1CD /* DownloadsViewModel.swift */,
				58C3E76429B7D709004FD1CD /* DownloadProgressViewModel.swift */,
			);
			path = Download;
			sourceTree = "<group>";
		};
		58FB80C5298521DA0031FC59 /* Authorization */ = {
			isa = PBXGroup;
			children = (
				DD410D6E293F2E6E006D8E31 /* AuthorizationViewModel.swift */,
				58FB80C6298521FF0031FC59 /* AuthorizationView.swift */,
			);
			path = Authorization;
			sourceTree = "<group>";
		};
		58FB80CC29895A8D0031FC59 /* Resources */ = {
			isa = PBXGroup;
			children = (
				58FB80CD29895ABF0031FC59 /* TestData.xcassets */,
			);
			path = Resources;
			sourceTree = "<group>";
		};
		B52674BB2A370D0D006D3B9C /* Upload */ = {
			isa = PBXGroup;
			children = (
				B5A2CE6B2A3FF42400467EB3 /* FormUploadsViewModel.swift */,
				B52674BE2A370D33006D3B9C /* UploadItem.swift */,
				B52674C62A371046006D3B9C /* UploadItemView.swift */,
				B52674C22A370E35006D3B9C /* UploadItemViewModel.swift */,
				B52674BC2A370D1D006D3B9C /* UploadService.swift */,
				B52674C42A37102D006D3B9C /* UploadsView.swift */,
				B52674C02A370DFF006D3B9C /* UploadsViewModel.swift */,
			);
			path = Upload;
			sourceTree = "<group>";
		};
		DD6E48742A0E2CC70025AD05 /* Extensions */ = {
			isa = PBXGroup;
			children = (
				DD6E48752A0E2CD30025AD05 /* DownloadAPIManager+SharedInstance.swift */,
				B58162F62A4F23420074A115 /* ByteCountFormatter+Convenience.swift */,
			);
			path = Extensions;
			sourceTree = "<group>";
		};
/* End PBXGroup section */

/* Begin PBXNativeTarget section */
		23A575B025F8B9DA00617551 /* NetworkingSampleApp */ = {
			isa = PBXNativeTarget;
			buildConfigurationList = 23A575DB25F8B9DC00617551 /* Build configuration list for PBXNativeTarget "NetworkingSampleApp" */;
			buildPhases = (
				23A575AD25F8B9DA00617551 /* Sources */,
				23A575AE25F8B9DA00617551 /* Frameworks */,
				23A575AF25F8B9DA00617551 /* Resources */,
			);
			buildRules = (
			);
			dependencies = (
			);
			name = NetworkingSampleApp;
			packageProductDependencies = (
				2305D1E5261E595E003632D9 /* Networking */,
			);
			productName = "ios networking sample app";
			productReference = 23A575B125F8B9DA00617551 /* NetworkingSampleApp.app */;
			productType = "com.apple.product-type.application";
		};
/* End PBXNativeTarget section */

/* Begin PBXProject section */
		23A575A925F8B9DA00617551 /* Project object */ = {
			isa = PBXProject;
			attributes = {
				LastSwiftUpdateCheck = 1240;
				LastUpgradeCheck = 1240;
				TargetAttributes = {
					23A575B025F8B9DA00617551 = {
						CreatedOnToolsVersion = 12.4;
					};
				};
			};
			buildConfigurationList = 23A575AC25F8B9DA00617551 /* Build configuration list for PBXProject "NetworkingSampleApp" */;
			compatibilityVersion = "Xcode 9.3";
			developmentRegion = en;
			hasScannedForEncodings = 0;
			knownRegions = (
				en,
				Base,
			);
			mainGroup = 23A575A825F8B9DA00617551;
			packageReferences = (
			);
			productRefGroup = 23A575B225F8B9DA00617551 /* Products */;
			projectDirPath = "";
			projectRoot = "";
			targets = (
				23A575B025F8B9DA00617551 /* NetworkingSampleApp */,
			);
		};
/* End PBXProject section */

/* Begin PBXResourcesBuildPhase section */
		23A575AF25F8B9DA00617551 /* Resources */ = {
			isa = PBXResourcesBuildPhase;
			buildActionMask = 2147483647;
			files = (
				58FB80CE29895ABF0031FC59 /* TestData.xcassets in Resources */,
				23A575C125F8B9DB00617551 /* LaunchScreen.storyboard in Resources */,
				23A575BE25F8B9DB00617551 /* Assets.xcassets in Resources */,
			);
			runOnlyForDeploymentPostprocessing = 0;
		};
/* End PBXResourcesBuildPhase section */

/* Begin PBXSourcesBuildPhase section */
		23A575AD25F8B9DA00617551 /* Sources */ = {
			isa = PBXSourcesBuildPhase;
			buildActionMask = 2147483647;
			files = (
				58E4E0EF29843B42000ACBC0 /* NetworkingSampleApp.swift in Sources */,
				DD6E48762A0E2CD30025AD05 /* DownloadAPIManager+SharedInstance.swift in Sources */,
				DDE8884529476AC300DD3BFF /* SampleRefreshTokenRequest.swift in Sources */,
				DDD3AD212951F527006CB777 /* SampleAuthorizationManager.swift in Sources */,
				B5A2CE6C2A3FF42400467EB3 /* FormUploadsViewModel.swift in Sources */,
				23EA9CF7292FB70A00B8E418 /* SampleUserAuthResponse.swift in Sources */,
				58E4E0ED2982D884000ACBC0 /* SampleAuthorizationStorageManager.swift in Sources */,
				23EA9CF6292FB70A00B8E418 /* SampleAPIError.swift in Sources */,
				B58162F72A4F23420074A115 /* ByteCountFormatter+Convenience.swift in Sources */,
				58E4E0F129850E86000ACBC0 /* ContentView.swift in Sources */,
				B52674BD2A370D1D006D3B9C /* UploadService.swift in Sources */,
				58C3E76529B7D709004FD1CD /* DownloadProgressViewModel.swift in Sources */,
				23EA9CF9292FB70A00B8E418 /* SampleUserResponse.swift in Sources */,
				DDD3AD1F2950E794006CB777 /* SampleAuthRouter.swift in Sources */,
				DD887780293E33850065ED03 /* SampleErrorProcessor.swift in Sources */,
				23EA9CFB292FB70A00B8E418 /* SampleUserRequest.swift in Sources */,
				23EA9CFA292FB70A00B8E418 /* SampleUserAuthRequest.swift in Sources */,
				58C3E76129B79259004FD1CD /* SampleDownloadRouter.swift in Sources */,
				23EA9CF4292FB70A00B8E418 /* SampleUserRouter.swift in Sources */,
				B52674BF2A370D33006D3B9C /* UploadItem.swift in Sources */,
				23EA9CF5292FB70A00B8E418 /* SampleAPIConstants.swift in Sources */,
				58FB80C7298521FF0031FC59 /* AuthorizationView.swift in Sources */,
				DD410D6F293F2E6E006D8E31 /* AuthorizationViewModel.swift in Sources */,
				B52674BA2A370C15006D3B9C /* SampleUploadRouter.swift in Sources */,
				B52674C72A371046006D3B9C /* UploadItemView.swift in Sources */,
				58C3E75F29B78EE8004FD1CD /* DownloadsViewModel.swift in Sources */,
				58C3E75E29B78EE6004FD1CD /* DownloadsView.swift in Sources */,
				B52674C32A370E35006D3B9C /* UploadItemViewModel.swift in Sources */,
				B52674C12A370DFF006D3B9C /* UploadsViewModel.swift in Sources */,
				B52674C52A37102D006D3B9C /* UploadsView.swift in Sources */,
				DD6E48732A0E24D30025AD05 /* DownloadProgressView.swift in Sources */,
				23EA9CF8292FB70A00B8E418 /* SampleUsersResponse.swift in Sources */,
			);
			runOnlyForDeploymentPostprocessing = 0;
		};
/* End PBXSourcesBuildPhase section */

/* Begin PBXVariantGroup section */
		23A575BF25F8B9DB00617551 /* LaunchScreen.storyboard */ = {
			isa = PBXVariantGroup;
			children = (
				23A575C025F8B9DB00617551 /* Base */,
			);
			name = LaunchScreen.storyboard;
			sourceTree = "<group>";
		};
/* End PBXVariantGroup section */

/* Begin XCBuildConfiguration section */
		23A575D925F8B9DC00617551 /* Debug */ = {
			isa = XCBuildConfiguration;
			buildSettings = {
				ALWAYS_SEARCH_USER_PATHS = NO;
				CLANG_ANALYZER_NONNULL = YES;
				CLANG_ANALYZER_NUMBER_OBJECT_CONVERSION = YES_AGGRESSIVE;
				CLANG_CXX_LANGUAGE_STANDARD = "gnu++14";
				CLANG_CXX_LIBRARY = "libc++";
				CLANG_ENABLE_MODULES = YES;
				CLANG_ENABLE_OBJC_ARC = YES;
				CLANG_ENABLE_OBJC_WEAK = YES;
				CLANG_WARN_BLOCK_CAPTURE_AUTORELEASING = YES;
				CLANG_WARN_BOOL_CONVERSION = YES;
				CLANG_WARN_COMMA = YES;
				CLANG_WARN_CONSTANT_CONVERSION = YES;
				CLANG_WARN_DEPRECATED_OBJC_IMPLEMENTATIONS = YES;
				CLANG_WARN_DIRECT_OBJC_ISA_USAGE = YES_ERROR;
				CLANG_WARN_DOCUMENTATION_COMMENTS = YES;
				CLANG_WARN_EMPTY_BODY = YES;
				CLANG_WARN_ENUM_CONVERSION = YES;
				CLANG_WARN_INFINITE_RECURSION = YES;
				CLANG_WARN_INT_CONVERSION = YES;
				CLANG_WARN_NON_LITERAL_NULL_CONVERSION = YES;
				CLANG_WARN_OBJC_IMPLICIT_RETAIN_SELF = YES;
				CLANG_WARN_OBJC_LITERAL_CONVERSION = YES;
				CLANG_WARN_OBJC_ROOT_CLASS = YES_ERROR;
				CLANG_WARN_QUOTED_INCLUDE_IN_FRAMEWORK_HEADER = YES;
				CLANG_WARN_RANGE_LOOP_ANALYSIS = YES;
				CLANG_WARN_STRICT_PROTOTYPES = YES;
				CLANG_WARN_SUSPICIOUS_MOVE = YES;
				CLANG_WARN_UNGUARDED_AVAILABILITY = YES_AGGRESSIVE;
				CLANG_WARN_UNREACHABLE_CODE = YES;
				CLANG_WARN__DUPLICATE_METHOD_MATCH = YES;
				COPY_PHASE_STRIP = NO;
				DEBUG_INFORMATION_FORMAT = dwarf;
				ENABLE_STRICT_OBJC_MSGSEND = YES;
				ENABLE_TESTABILITY = YES;
				GCC_C_LANGUAGE_STANDARD = gnu11;
				GCC_DYNAMIC_NO_PIC = NO;
				GCC_NO_COMMON_BLOCKS = YES;
				GCC_OPTIMIZATION_LEVEL = 0;
				GCC_PREPROCESSOR_DEFINITIONS = (
					"DEBUG=1",
					"$(inherited)",
				);
				GCC_WARN_64_TO_32_BIT_CONVERSION = YES;
				GCC_WARN_ABOUT_RETURN_TYPE = YES_ERROR;
				GCC_WARN_UNDECLARED_SELECTOR = YES;
				GCC_WARN_UNINITIALIZED_AUTOS = YES_AGGRESSIVE;
				GCC_WARN_UNUSED_FUNCTION = YES;
				GCC_WARN_UNUSED_VARIABLE = YES;
				IPHONEOS_DEPLOYMENT_TARGET = 16.0;
				MTL_ENABLE_DEBUG_INFO = INCLUDE_SOURCE;
				MTL_FAST_MATH = YES;
				ONLY_ACTIVE_ARCH = YES;
				SDKROOT = iphoneos;
				SWIFT_ACTIVE_COMPILATION_CONDITIONS = DEBUG;
				SWIFT_OPTIMIZATION_LEVEL = "-Onone";
			};
			name = Debug;
		};
		23A575DA25F8B9DC00617551 /* Release */ = {
			isa = XCBuildConfiguration;
			buildSettings = {
				ALWAYS_SEARCH_USER_PATHS = NO;
				CLANG_ANALYZER_NONNULL = YES;
				CLANG_ANALYZER_NUMBER_OBJECT_CONVERSION = YES_AGGRESSIVE;
				CLANG_CXX_LANGUAGE_STANDARD = "gnu++14";
				CLANG_CXX_LIBRARY = "libc++";
				CLANG_ENABLE_MODULES = YES;
				CLANG_ENABLE_OBJC_ARC = YES;
				CLANG_ENABLE_OBJC_WEAK = YES;
				CLANG_WARN_BLOCK_CAPTURE_AUTORELEASING = YES;
				CLANG_WARN_BOOL_CONVERSION = YES;
				CLANG_WARN_COMMA = YES;
				CLANG_WARN_CONSTANT_CONVERSION = YES;
				CLANG_WARN_DEPRECATED_OBJC_IMPLEMENTATIONS = YES;
				CLANG_WARN_DIRECT_OBJC_ISA_USAGE = YES_ERROR;
				CLANG_WARN_DOCUMENTATION_COMMENTS = YES;
				CLANG_WARN_EMPTY_BODY = YES;
				CLANG_WARN_ENUM_CONVERSION = YES;
				CLANG_WARN_INFINITE_RECURSION = YES;
				CLANG_WARN_INT_CONVERSION = YES;
				CLANG_WARN_NON_LITERAL_NULL_CONVERSION = YES;
				CLANG_WARN_OBJC_IMPLICIT_RETAIN_SELF = YES;
				CLANG_WARN_OBJC_LITERAL_CONVERSION = YES;
				CLANG_WARN_OBJC_ROOT_CLASS = YES_ERROR;
				CLANG_WARN_QUOTED_INCLUDE_IN_FRAMEWORK_HEADER = YES;
				CLANG_WARN_RANGE_LOOP_ANALYSIS = YES;
				CLANG_WARN_STRICT_PROTOTYPES = YES;
				CLANG_WARN_SUSPICIOUS_MOVE = YES;
				CLANG_WARN_UNGUARDED_AVAILABILITY = YES_AGGRESSIVE;
				CLANG_WARN_UNREACHABLE_CODE = YES;
				CLANG_WARN__DUPLICATE_METHOD_MATCH = YES;
				COPY_PHASE_STRIP = NO;
				DEBUG_INFORMATION_FORMAT = "dwarf-with-dsym";
				ENABLE_NS_ASSERTIONS = NO;
				ENABLE_STRICT_OBJC_MSGSEND = YES;
				GCC_C_LANGUAGE_STANDARD = gnu11;
				GCC_NO_COMMON_BLOCKS = YES;
				GCC_WARN_64_TO_32_BIT_CONVERSION = YES;
				GCC_WARN_ABOUT_RETURN_TYPE = YES_ERROR;
				GCC_WARN_UNDECLARED_SELECTOR = YES;
				GCC_WARN_UNINITIALIZED_AUTOS = YES_AGGRESSIVE;
				GCC_WARN_UNUSED_FUNCTION = YES;
				GCC_WARN_UNUSED_VARIABLE = YES;
				IPHONEOS_DEPLOYMENT_TARGET = 16.0;
				MTL_ENABLE_DEBUG_INFO = NO;
				MTL_FAST_MATH = YES;
				SDKROOT = iphoneos;
				SWIFT_COMPILATION_MODE = wholemodule;
				SWIFT_OPTIMIZATION_LEVEL = "-O";
				VALIDATE_PRODUCT = YES;
			};
			name = Release;
		};
		23A575DC25F8B9DC00617551 /* Debug */ = {
			isa = XCBuildConfiguration;
			buildSettings = {
				ASSETCATALOG_COMPILER_APPICON_NAME = AppIcon;
				ASSETCATALOG_COMPILER_GLOBAL_ACCENT_COLOR_NAME = AccentColor;
				CODE_SIGN_STYLE = Automatic;
				DEVELOPMENT_TEAM = J8L663CT57;
				INFOPLIST_FILE = "$(SRCROOT)/networkingSampleApp/Info.plist";
				IPHONEOS_DEPLOYMENT_TARGET = 16.0;
				LD_RUNPATH_SEARCH_PATHS = (
					"$(inherited)",
					"@executable_path/Frameworks",
				);
				PRODUCT_BUNDLE_IDENTIFIER = "com.strv.networking-sample-app";
				PRODUCT_NAME = "$(TARGET_NAME)";
				SWIFT_VERSION = 5.0;
				TARGETED_DEVICE_FAMILY = "1,2";
			};
			name = Debug;
		};
		23A575DD25F8B9DC00617551 /* Release */ = {
			isa = XCBuildConfiguration;
			buildSettings = {
				ASSETCATALOG_COMPILER_APPICON_NAME = AppIcon;
				ASSETCATALOG_COMPILER_GLOBAL_ACCENT_COLOR_NAME = AccentColor;
				CODE_SIGN_STYLE = Automatic;
				DEVELOPMENT_TEAM = J8L663CT57;
				INFOPLIST_FILE = "$(SRCROOT)/networkingSampleApp/Info.plist";
				IPHONEOS_DEPLOYMENT_TARGET = 16.0;
				LD_RUNPATH_SEARCH_PATHS = (
					"$(inherited)",
					"@executable_path/Frameworks",
				);
				PRODUCT_BUNDLE_IDENTIFIER = "com.strv.networking-sample-app";
				PRODUCT_NAME = "$(TARGET_NAME)";
				SWIFT_VERSION = 5.0;
				TARGETED_DEVICE_FAMILY = "1,2";
			};
			name = Release;
		};
/* End XCBuildConfiguration section */

/* Begin XCConfigurationList section */
		23A575AC25F8B9DA00617551 /* Build configuration list for PBXProject "NetworkingSampleApp" */ = {
			isa = XCConfigurationList;
			buildConfigurations = (
				23A575D925F8B9DC00617551 /* Debug */,
				23A575DA25F8B9DC00617551 /* Release */,
			);
			defaultConfigurationIsVisible = 0;
			defaultConfigurationName = Release;
		};
		23A575DB25F8B9DC00617551 /* Build configuration list for PBXNativeTarget "NetworkingSampleApp" */ = {
			isa = XCConfigurationList;
			buildConfigurations = (
				23A575DC25F8B9DC00617551 /* Debug */,
				23A575DD25F8B9DC00617551 /* Release */,
			);
			defaultConfigurationIsVisible = 0;
			defaultConfigurationName = Release;
		};
/* End XCConfigurationList section */

/* Begin XCSwiftPackageProductDependency section */
		2305D1E5261E595E003632D9 /* Networking */ = {
			isa = XCSwiftPackageProductDependency;
			productName = Networking;
		};
/* End XCSwiftPackageProductDependency section */
	};
	rootObject = 23A575A925F8B9DA00617551 /* Project object */;
}
