// !$*UTF8*$!
{
	archiveVersion = 1;
	classes = {
	};
	objectVersion = 52;
	objects = {

/* Begin PBXBuildFile section */
		2305D1E6261E595E003632D9 /* Networking in Frameworks */ = {isa = PBXBuildFile; productRef = 2305D1E5261E595E003632D9 /* Networking */; };
		23A575B525F8B9DA00617551 /* AppDelegate.swift in Sources */ = {isa = PBXBuildFile; fileRef = 23A575B425F8B9DA00617551 /* AppDelegate.swift */; };
		23A575B725F8B9DA00617551 /* SceneDelegate.swift in Sources */ = {isa = PBXBuildFile; fileRef = 23A575B625F8B9DA00617551 /* SceneDelegate.swift */; };
		23A575B925F8B9DA00617551 /* SampleViewController.swift in Sources */ = {isa = PBXBuildFile; fileRef = 23A575B825F8B9DA00617551 /* SampleViewController.swift */; };
		23A575BC25F8B9DA00617551 /* Main.storyboard in Resources */ = {isa = PBXBuildFile; fileRef = 23A575BA25F8B9DA00617551 /* Main.storyboard */; };
		23A575BE25F8B9DB00617551 /* Assets.xcassets in Resources */ = {isa = PBXBuildFile; fileRef = 23A575BD25F8B9DB00617551 /* Assets.xcassets */; };
		23A575C125F8B9DB00617551 /* LaunchScreen.storyboard in Resources */ = {isa = PBXBuildFile; fileRef = 23A575BF25F8B9DB00617551 /* LaunchScreen.storyboard */; };
		23EA9CF4292FB70A00B8E418 /* SampleUserRouter.swift in Sources */ = {isa = PBXBuildFile; fileRef = 23EA9CE9292FB70A00B8E418 /* SampleUserRouter.swift */; };
		23EA9CF5292FB70A00B8E418 /* SampleAPIConstants.swift in Sources */ = {isa = PBXBuildFile; fileRef = 23EA9CEA292FB70A00B8E418 /* SampleAPIConstants.swift */; };
		23EA9CF6292FB70A00B8E418 /* SampleAPIError.swift in Sources */ = {isa = PBXBuildFile; fileRef = 23EA9CEB292FB70A00B8E418 /* SampleAPIError.swift */; };
		23EA9CF7292FB70A00B8E418 /* SampleUserAuthResponse.swift in Sources */ = {isa = PBXBuildFile; fileRef = 23EA9CED292FB70A00B8E418 /* SampleUserAuthResponse.swift */; };
		23EA9CF8292FB70A00B8E418 /* SampleUsersResponse.swift in Sources */ = {isa = PBXBuildFile; fileRef = 23EA9CEE292FB70A00B8E418 /* SampleUsersResponse.swift */; };
		23EA9CF9292FB70A00B8E418 /* SampleUserResponse.swift in Sources */ = {isa = PBXBuildFile; fileRef = 23EA9CEF292FB70A00B8E418 /* SampleUserResponse.swift */; };
		23EA9CFA292FB70A00B8E418 /* SampleUserAuthRequest.swift in Sources */ = {isa = PBXBuildFile; fileRef = 23EA9CF1292FB70A00B8E418 /* SampleUserAuthRequest.swift */; };
		23EA9CFB292FB70A00B8E418 /* SampleUserRequest.swift in Sources */ = {isa = PBXBuildFile; fileRef = 23EA9CF2292FB70A00B8E418 /* SampleUserRequest.swift */; };
/* End PBXBuildFile section */

/* Begin PBXFileReference section */
		23A575B125F8B9DA00617551 /* NetworkingSampleApp.app */ = {isa = PBXFileReference; explicitFileType = wrapper.application; includeInIndex = 0; path = NetworkingSampleApp.app; sourceTree = BUILT_PRODUCTS_DIR; };
		23A575B425F8B9DA00617551 /* AppDelegate.swift */ = {isa = PBXFileReference; lastKnownFileType = sourcecode.swift; path = AppDelegate.swift; sourceTree = "<group>"; };
		23A575B625F8B9DA00617551 /* SceneDelegate.swift */ = {isa = PBXFileReference; lastKnownFileType = sourcecode.swift; path = SceneDelegate.swift; sourceTree = "<group>"; };
		23A575B825F8B9DA00617551 /* SampleViewController.swift */ = {isa = PBXFileReference; lastKnownFileType = sourcecode.swift; path = SampleViewController.swift; sourceTree = "<group>"; };
		23A575BB25F8B9DA00617551 /* Base */ = {isa = PBXFileReference; lastKnownFileType = file.storyboard; name = Base; path = Base.lproj/Main.storyboard; sourceTree = "<group>"; };
		23A575BD25F8B9DB00617551 /* Assets.xcassets */ = {isa = PBXFileReference; lastKnownFileType = folder.assetcatalog; path = Assets.xcassets; sourceTree = "<group>"; };
		23A575C025F8B9DB00617551 /* Base */ = {isa = PBXFileReference; lastKnownFileType = file.storyboard; name = Base; path = Base.lproj/LaunchScreen.storyboard; sourceTree = "<group>"; };
		23A575C225F8B9DB00617551 /* Info.plist */ = {isa = PBXFileReference; lastKnownFileType = text.plist.xml; path = Info.plist; sourceTree = "<group>"; };
		23C16B79276B5AFD00C0B4F1 /* ios-networking */ = {isa = PBXFileReference; lastKnownFileType = wrapper; name = "ios-networking"; path = ..; sourceTree = "<group>"; };
		23D8FA2D261DA21200DE1800 /* Info.plist */ = {isa = PBXFileReference; lastKnownFileType = text.plist.xml; path = Info.plist; sourceTree = "<group>"; };
		23EA9CE9292FB70A00B8E418 /* SampleUserRouter.swift */ = {isa = PBXFileReference; fileEncoding = 4; lastKnownFileType = sourcecode.swift; path = SampleUserRouter.swift; sourceTree = "<group>"; };
		23EA9CEA292FB70A00B8E418 /* SampleAPIConstants.swift */ = {isa = PBXFileReference; fileEncoding = 4; lastKnownFileType = sourcecode.swift; path = SampleAPIConstants.swift; sourceTree = "<group>"; };
		23EA9CEB292FB70A00B8E418 /* SampleAPIError.swift */ = {isa = PBXFileReference; fileEncoding = 4; lastKnownFileType = sourcecode.swift; path = SampleAPIError.swift; sourceTree = "<group>"; };
		23EA9CED292FB70A00B8E418 /* SampleUserAuthResponse.swift */ = {isa = PBXFileReference; fileEncoding = 4; lastKnownFileType = sourcecode.swift; path = SampleUserAuthResponse.swift; sourceTree = "<group>"; };
		23EA9CEE292FB70A00B8E418 /* SampleUsersResponse.swift */ = {isa = PBXFileReference; fileEncoding = 4; lastKnownFileType = sourcecode.swift; path = SampleUsersResponse.swift; sourceTree = "<group>"; };
		23EA9CEF292FB70A00B8E418 /* SampleUserResponse.swift */ = {isa = PBXFileReference; fileEncoding = 4; lastKnownFileType = sourcecode.swift; path = SampleUserResponse.swift; sourceTree = "<group>"; };
		23EA9CF1292FB70A00B8E418 /* SampleUserAuthRequest.swift */ = {isa = PBXFileReference; fileEncoding = 4; lastKnownFileType = sourcecode.swift; path = SampleUserAuthRequest.swift; sourceTree = "<group>"; };
		23EA9CF2292FB70A00B8E418 /* SampleUserRequest.swift */ = {isa = PBXFileReference; fileEncoding = 4; lastKnownFileType = sourcecode.swift; path = SampleUserRequest.swift; sourceTree = "<group>"; };
/* End PBXFileReference section */

/* Begin PBXFrameworksBuildPhase section */
		23A575AE25F8B9DA00617551 /* Frameworks */ = {
			isa = PBXFrameworksBuildPhase;
			buildActionMask = 2147483647;
			files = (
				2305D1E6261E595E003632D9 /* Networking in Frameworks */,
			);
			runOnlyForDeploymentPostprocessing = 0;
		};
/* End PBXFrameworksBuildPhase section */

/* Begin PBXGroup section */
		23A575A825F8B9DA00617551 = {
			isa = PBXGroup;
			children = (
				23C16B78276B5AFD00C0B4F1 /* Packages */,
				23A575B325F8B9DA00617551 /* NetworkingSampleApp */,
				23D8FA2A261DA21200DE1800 /* NetworkingSampleAppTests */,
				23A575B225F8B9DA00617551 /* Products */,
				23A575E725F8BA3600617551 /* Frameworks */,
			);
			sourceTree = "<group>";
		};
		23A575B225F8B9DA00617551 /* Products */ = {
			isa = PBXGroup;
			children = (
				23A575B125F8B9DA00617551 /* NetworkingSampleApp.app */,
			);
			name = Products;
			sourceTree = "<group>";
		};
		23A575B325F8B9DA00617551 /* NetworkingSampleApp */ = {
			isa = PBXGroup;
			children = (
				23EA9CE7292FB70A00B8E418 /* API */,
				23A575ED25F8BF0E00617551 /* Scene */,
				23A575B425F8B9DA00617551 /* AppDelegate.swift */,
				23A575B625F8B9DA00617551 /* SceneDelegate.swift */,
				23A575BD25F8B9DB00617551 /* Assets.xcassets */,
				23A575BF25F8B9DB00617551 /* LaunchScreen.storyboard */,
				23A575C225F8B9DB00617551 /* Info.plist */,
			);
			path = NetworkingSampleApp;
			sourceTree = "<group>";
		};
		23A575E725F8BA3600617551 /* Frameworks */ = {
			isa = PBXGroup;
			children = (
			);
			name = Frameworks;
			sourceTree = "<group>";
		};
		23A575ED25F8BF0E00617551 /* Scene */ = {
			isa = PBXGroup;
			children = (
				23A575B825F8B9DA00617551 /* SampleViewController.swift */,
				23A575BA25F8B9DA00617551 /* Main.storyboard */,
			);
			path = Scene;
			sourceTree = "<group>";
		};
		23C16B78276B5AFD00C0B4F1 /* Packages */ = {
			isa = PBXGroup;
			children = (
				23C16B79276B5AFD00C0B4F1 /* ios-networking */,
			);
			name = Packages;
			sourceTree = "<group>";
		};
		23D8FA2A261DA21200DE1800 /* NetworkingSampleAppTests */ = {
			isa = PBXGroup;
			children = (
				23D8FA2D261DA21200DE1800 /* Info.plist */,
			);
			path = NetworkingSampleAppTests;
			sourceTree = "<group>";
		};
		23EA9CE7292FB70A00B8E418 /* API */ = {
			isa = PBXGroup;
			children = (
				23EA9CEA292FB70A00B8E418 /* SampleAPIConstants.swift */,
				23EA9CEB292FB70A00B8E418 /* SampleAPIError.swift */,
				23EA9CEC292FB70A00B8E418 /* Responses */,
				23EA9CF0292FB70A00B8E418 /* Requests */,
				23EA9CE8292FB70A00B8E418 /* Routers */,
			);
			path = API;
			sourceTree = "<group>";
		};
		23EA9CE8292FB70A00B8E418 /* Routers */ = {
			isa = PBXGroup;
			children = (
				23EA9CE9292FB70A00B8E418 /* SampleUserRouter.swift */,
			);
			path = Routers;
			sourceTree = "<group>";
		};
		23EA9CEC292FB70A00B8E418 /* Responses */ = {
			isa = PBXGroup;
			children = (
				23EA9CED292FB70A00B8E418 /* SampleUserAuthResponse.swift */,
				23EA9CEE292FB70A00B8E418 /* SampleUsersResponse.swift */,
				23EA9CEF292FB70A00B8E418 /* SampleUserResponse.swift */,
			);
			path = Responses;
			sourceTree = "<group>";
		};
		23EA9CF0292FB70A00B8E418 /* Requests */ = {
			isa = PBXGroup;
			children = (
				23EA9CF1292FB70A00B8E418 /* SampleUserAuthRequest.swift */,
				23EA9CF2292FB70A00B8E418 /* SampleUserRequest.swift */,
			);
			path = Requests;
			sourceTree = "<group>";
		};
/* End PBXGroup section */

/* Begin PBXNativeTarget section */
		23A575B025F8B9DA00617551 /* NetworkingSampleApp */ = {
			isa = PBXNativeTarget;
			buildConfigurationList = 23A575DB25F8B9DC00617551 /* Build configuration list for PBXNativeTarget "NetworkingSampleApp" */;
			buildPhases = (
				23A575AD25F8B9DA00617551 /* Sources */,
				23A575AE25F8B9DA00617551 /* Frameworks */,
				23A575AF25F8B9DA00617551 /* Resources */,
			);
			buildRules = (
			);
			dependencies = (
			);
			name = NetworkingSampleApp;
			packageProductDependencies = (
				2305D1E5261E595E003632D9 /* Networking */,
			);
			productName = "ios networking sample app";
			productReference = 23A575B125F8B9DA00617551 /* NetworkingSampleApp.app */;
			productType = "com.apple.product-type.application";
		};
/* End PBXNativeTarget section */

/* Begin PBXProject section */
		23A575A925F8B9DA00617551 /* Project object */ = {
			isa = PBXProject;
			attributes = {
				LastSwiftUpdateCheck = 1240;
				LastUpgradeCheck = 1240;
				TargetAttributes = {
					23A575B025F8B9DA00617551 = {
						CreatedOnToolsVersion = 12.4;
					};
				};
			};
			buildConfigurationList = 23A575AC25F8B9DA00617551 /* Build configuration list for PBXProject "NetworkingSampleApp" */;
			compatibilityVersion = "Xcode 9.3";
			developmentRegion = en;
			hasScannedForEncodings = 0;
			knownRegions = (
				en,
				Base,
			);
			mainGroup = 23A575A825F8B9DA00617551;
			packageReferences = (
			);
			productRefGroup = 23A575B225F8B9DA00617551 /* Products */;
			projectDirPath = "";
			projectRoot = "";
			targets = (
				23A575B025F8B9DA00617551 /* NetworkingSampleApp */,
			);
		};
/* End PBXProject section */

/* Begin PBXResourcesBuildPhase section */
		23A575AF25F8B9DA00617551 /* Resources */ = {
			isa = PBXResourcesBuildPhase;
			buildActionMask = 2147483647;
			files = (
				23A575C125F8B9DB00617551 /* LaunchScreen.storyboard in Resources */,
				23A575BE25F8B9DB00617551 /* Assets.xcassets in Resources */,
				23A575BC25F8B9DA00617551 /* Main.storyboard in Resources */,
			);
			runOnlyForDeploymentPostprocessing = 0;
		};
/* End PBXResourcesBuildPhase section */

/* Begin PBXSourcesBuildPhase section */
		23A575AD25F8B9DA00617551 /* Sources */ = {
			isa = PBXSourcesBuildPhase;
			buildActionMask = 2147483647;
			files = (
				23A575B925F8B9DA00617551 /* SampleViewController.swift in Sources */,
				23EA9CF7292FB70A00B8E418 /* SampleUserAuthResponse.swift in Sources */,
				23EA9CF6292FB70A00B8E418 /* SampleAPIError.swift in Sources */,
				23EA9CF9292FB70A00B8E418 /* SampleUserResponse.swift in Sources */,
				23A575B525F8B9DA00617551 /* AppDelegate.swift in Sources */,
				23A575B725F8B9DA00617551 /* SceneDelegate.swift in Sources */,
				23EA9CFB292FB70A00B8E418 /* SampleUserRequest.swift in Sources */,
				23EA9CFA292FB70A00B8E418 /* SampleUserAuthRequest.swift in Sources */,
				23EA9CF4292FB70A00B8E418 /* SampleUserRouter.swift in Sources */,
				23EA9CF5292FB70A00B8E418 /* SampleAPIConstants.swift in Sources */,
				23EA9CF8292FB70A00B8E418 /* SampleUsersResponse.swift in Sources */,
			);
			runOnlyForDeploymentPostprocessing = 0;
		};
/* End PBXSourcesBuildPhase section */

/* Begin PBXVariantGroup section */
		23A575BA25F8B9DA00617551 /* Main.storyboard */ = {
			isa = PBXVariantGroup;
			children = (
				23A575BB25F8B9DA00617551 /* Base */,
			);
			name = Main.storyboard;
			sourceTree = "<group>";
		};
		23A575BF25F8B9DB00617551 /* LaunchScreen.storyboard */ = {
			isa = PBXVariantGroup;
			children = (
				23A575C025F8B9DB00617551 /* Base */,
			);
			name = LaunchScreen.storyboard;
			sourceTree = "<group>";
		};
/* End PBXVariantGroup section */

/* Begin XCBuildConfiguration section */
		23A575D925F8B9DC00617551 /* Debug */ = {
			isa = XCBuildConfiguration;
			buildSettings = {
				ALWAYS_SEARCH_USER_PATHS = NO;
				CLANG_ANALYZER_NONNULL = YES;
				CLANG_ANALYZER_NUMBER_OBJECT_CONVERSION = YES_AGGRESSIVE;
				CLANG_CXX_LANGUAGE_STANDARD = "gnu++14";
				CLANG_CXX_LIBRARY = "libc++";
				CLANG_ENABLE_MODULES = YES;
				CLANG_ENABLE_OBJC_ARC = YES;
				CLANG_ENABLE_OBJC_WEAK = YES;
				CLANG_WARN_BLOCK_CAPTURE_AUTORELEASING = YES;
				CLANG_WARN_BOOL_CONVERSION = YES;
				CLANG_WARN_COMMA = YES;
				CLANG_WARN_CONSTANT_CONVERSION = YES;
				CLANG_WARN_DEPRECATED_OBJC_IMPLEMENTATIONS = YES;
				CLANG_WARN_DIRECT_OBJC_ISA_USAGE = YES_ERROR;
				CLANG_WARN_DOCUMENTATION_COMMENTS = YES;
				CLANG_WARN_EMPTY_BODY = YES;
				CLANG_WARN_ENUM_CONVERSION = YES;
				CLANG_WARN_INFINITE_RECURSION = YES;
				CLANG_WARN_INT_CONVERSION = YES;
				CLANG_WARN_NON_LITERAL_NULL_CONVERSION = YES;
				CLANG_WARN_OBJC_IMPLICIT_RETAIN_SELF = YES;
				CLANG_WARN_OBJC_LITERAL_CONVERSION = YES;
				CLANG_WARN_OBJC_ROOT_CLASS = YES_ERROR;
				CLANG_WARN_QUOTED_INCLUDE_IN_FRAMEWORK_HEADER = YES;
				CLANG_WARN_RANGE_LOOP_ANALYSIS = YES;
				CLANG_WARN_STRICT_PROTOTYPES = YES;
				CLANG_WARN_SUSPICIOUS_MOVE = YES;
				CLANG_WARN_UNGUARDED_AVAILABILITY = YES_AGGRESSIVE;
				CLANG_WARN_UNREACHABLE_CODE = YES;
				CLANG_WARN__DUPLICATE_METHOD_MATCH = YES;
				COPY_PHASE_STRIP = NO;
				DEBUG_INFORMATION_FORMAT = dwarf;
				ENABLE_STRICT_OBJC_MSGSEND = YES;
				ENABLE_TESTABILITY = YES;
				GCC_C_LANGUAGE_STANDARD = gnu11;
				GCC_DYNAMIC_NO_PIC = NO;
				GCC_NO_COMMON_BLOCKS = YES;
				GCC_OPTIMIZATION_LEVEL = 0;
				GCC_PREPROCESSOR_DEFINITIONS = (
					"DEBUG=1",
					"$(inherited)",
				);
				GCC_WARN_64_TO_32_BIT_CONVERSION = YES;
				GCC_WARN_ABOUT_RETURN_TYPE = YES_ERROR;
				GCC_WARN_UNDECLARED_SELECTOR = YES;
				GCC_WARN_UNINITIALIZED_AUTOS = YES_AGGRESSIVE;
				GCC_WARN_UNUSED_FUNCTION = YES;
				GCC_WARN_UNUSED_VARIABLE = YES;
				IPHONEOS_DEPLOYMENT_TARGET = 16.0;
				MTL_ENABLE_DEBUG_INFO = INCLUDE_SOURCE;
				MTL_FAST_MATH = YES;
				ONLY_ACTIVE_ARCH = YES;
				SDKROOT = iphoneos;
				SWIFT_ACTIVE_COMPILATION_CONDITIONS = DEBUG;
				SWIFT_OPTIMIZATION_LEVEL = "-Onone";
			};
			name = Debug;
		};
		23A575DA25F8B9DC00617551 /* Release */ = {
			isa = XCBuildConfiguration;
			buildSettings = {
				ALWAYS_SEARCH_USER_PATHS = NO;
				CLANG_ANALYZER_NONNULL = YES;
				CLANG_ANALYZER_NUMBER_OBJECT_CONVERSION = YES_AGGRESSIVE;
				CLANG_CXX_LANGUAGE_STANDARD = "gnu++14";
				CLANG_CXX_LIBRARY = "libc++";
				CLANG_ENABLE_MODULES = YES;
				CLANG_ENABLE_OBJC_ARC = YES;
				CLANG_ENABLE_OBJC_WEAK = YES;
				CLANG_WARN_BLOCK_CAPTURE_AUTORELEASING = YES;
				CLANG_WARN_BOOL_CONVERSION = YES;
				CLANG_WARN_COMMA = YES;
				CLANG_WARN_CONSTANT_CONVERSION = YES;
				CLANG_WARN_DEPRECATED_OBJC_IMPLEMENTATIONS = YES;
				CLANG_WARN_DIRECT_OBJC_ISA_USAGE = YES_ERROR;
				CLANG_WARN_DOCUMENTATION_COMMENTS = YES;
				CLANG_WARN_EMPTY_BODY = YES;
				CLANG_WARN_ENUM_CONVERSION = YES;
				CLANG_WARN_INFINITE_RECURSION = YES;
				CLANG_WARN_INT_CONVERSION = YES;
				CLANG_WARN_NON_LITERAL_NULL_CONVERSION = YES;
				CLANG_WARN_OBJC_IMPLICIT_RETAIN_SELF = YES;
				CLANG_WARN_OBJC_LITERAL_CONVERSION = YES;
				CLANG_WARN_OBJC_ROOT_CLASS = YES_ERROR;
				CLANG_WARN_QUOTED_INCLUDE_IN_FRAMEWORK_HEADER = YES;
				CLANG_WARN_RANGE_LOOP_ANALYSIS = YES;
				CLANG_WARN_STRICT_PROTOTYPES = YES;
				CLANG_WARN_SUSPICIOUS_MOVE = YES;
				CLANG_WARN_UNGUARDED_AVAILABILITY = YES_AGGRESSIVE;
				CLANG_WARN_UNREACHABLE_CODE = YES;
				CLANG_WARN__DUPLICATE_METHOD_MATCH = YES;
				COPY_PHASE_STRIP = NO;
				DEBUG_INFORMATION_FORMAT = "dwarf-with-dsym";
				ENABLE_NS_ASSERTIONS = NO;
				ENABLE_STRICT_OBJC_MSGSEND = YES;
				GCC_C_LANGUAGE_STANDARD = gnu11;
				GCC_NO_COMMON_BLOCKS = YES;
				GCC_WARN_64_TO_32_BIT_CONVERSION = YES;
				GCC_WARN_ABOUT_RETURN_TYPE = YES_ERROR;
				GCC_WARN_UNDECLARED_SELECTOR = YES;
				GCC_WARN_UNINITIALIZED_AUTOS = YES_AGGRESSIVE;
				GCC_WARN_UNUSED_FUNCTION = YES;
				GCC_WARN_UNUSED_VARIABLE = YES;
				IPHONEOS_DEPLOYMENT_TARGET = 16.0;
				MTL_ENABLE_DEBUG_INFO = NO;
				MTL_FAST_MATH = YES;
				SDKROOT = iphoneos;
				SWIFT_COMPILATION_MODE = wholemodule;
				SWIFT_OPTIMIZATION_LEVEL = "-O";
				VALIDATE_PRODUCT = YES;
			};
			name = Release;
		};
		23A575DC25F8B9DC00617551 /* Debug */ = {
			isa = XCBuildConfiguration;
			buildSettings = {
				ASSETCATALOG_COMPILER_APPICON_NAME = AppIcon;
				ASSETCATALOG_COMPILER_GLOBAL_ACCENT_COLOR_NAME = AccentColor;
				CODE_SIGN_STYLE = Automatic;
				DEVELOPMENT_TEAM = J8L663CT57;
				INFOPLIST_FILE = "$(SRCROOT)/networkingSampleApp/Info.plist";
				IPHONEOS_DEPLOYMENT_TARGET = 15.0;
				LD_RUNPATH_SEARCH_PATHS = (
					"$(inherited)",
					"@executable_path/Frameworks",
				);
				PRODUCT_BUNDLE_IDENTIFIER = "com.strv.networking-sample-app";
				PRODUCT_NAME = "$(TARGET_NAME)";
				SWIFT_VERSION = 5.0;
				TARGETED_DEVICE_FAMILY = "1,2";
			};
			name = Debug;
		};
		23A575DD25F8B9DC00617551 /* Release */ = {
			isa = XCBuildConfiguration;
			buildSettings = {
				ASSETCATALOG_COMPILER_APPICON_NAME = AppIcon;
				ASSETCATALOG_COMPILER_GLOBAL_ACCENT_COLOR_NAME = AccentColor;
				CODE_SIGN_STYLE = Automatic;
				DEVELOPMENT_TEAM = J8L663CT57;
				INFOPLIST_FILE = "$(SRCROOT)/networkingSampleApp/Info.plist";
				IPHONEOS_DEPLOYMENT_TARGET = 15.0;
				LD_RUNPATH_SEARCH_PATHS = (
					"$(inherited)",
					"@executable_path/Frameworks",
				);
				PRODUCT_BUNDLE_IDENTIFIER = "com.strv.networking-sample-app";
				PRODUCT_NAME = "$(TARGET_NAME)";
				SWIFT_VERSION = 5.0;
				TARGETED_DEVICE_FAMILY = "1,2";
			};
			name = Release;
		};
/* End XCBuildConfiguration section */

/* Begin XCConfigurationList section */
		23A575AC25F8B9DA00617551 /* Build configuration list for PBXProject "NetworkingSampleApp" */ = {
			isa = XCConfigurationList;
			buildConfigurations = (
				23A575D925F8B9DC00617551 /* Debug */,
				23A575DA25F8B9DC00617551 /* Release */,
			);
			defaultConfigurationIsVisible = 0;
			defaultConfigurationName = Release;
		};
		23A575DB25F8B9DC00617551 /* Build configuration list for PBXNativeTarget "NetworkingSampleApp" */ = {
			isa = XCConfigurationList;
			buildConfigurations = (
				23A575DC25F8B9DC00617551 /* Debug */,
				23A575DD25F8B9DC00617551 /* Release */,
			);
			defaultConfigurationIsVisible = 0;
			defaultConfigurationName = Release;
		};
/* End XCConfigurationList section */

/* Begin XCSwiftPackageProductDependency section */
		2305D1E5261E595E003632D9 /* Networking */ = {
			isa = XCSwiftPackageProductDependency;
			productName = Networking;
		};
/* End XCSwiftPackageProductDependency section */
	};
	rootObject = 23A575A925F8B9DA00617551 /* Project object */;
}
